// !$*UTF8*$!
{
	archiveVersion = 1;
	classes = {
	};
	objectVersion = 46;
	objects = {

/* Begin PBXBuildFile section */
		EF7255B31F18D4080054DCE0 /* EncodingS3BucketKit.h in Headers */ = {isa = PBXBuildFile; fileRef = EF7255B11F18D4080054DCE0 /* EncodingS3BucketKit.h */; settings = {ATTRIBUTES = (Public, ); }; };
		EF7255B71F18D41A0054DCE0 /* KeyPhraseToKeyWithS3JSON.cpp in Sources */ = {isa = PBXBuildFile; fileRef = EFAD59F71D86B8060056E526 /* KeyPhraseToKeyWithS3JSON.cpp */; };
		EF7255B81F18D41A0054DCE0 /* ValidateKeyPhraseWithS3JSON.cpp in Sources */ = {isa = PBXBuildFile; fileRef = EFAD59FB1D86B8060056E526 /* ValidateKeyPhraseWithS3JSON.cpp */; };
		EF7255BB1F18D4540054DCE0 /* FoundationKit.framework in Frameworks */ = {isa = PBXBuildFile; fileRef = EF7255BA1F18D4540054DCE0 /* FoundationKit.framework */; };
		EF7255BD1F18D4630054DCE0 /* JSONKit.framework in Frameworks */ = {isa = PBXBuildFile; fileRef = EF7255BC1F18D4630054DCE0 /* JSONKit.framework */; };
		EF7255BF1F18D4690054DCE0 /* EncodingKit.framework in Frameworks */ = {isa = PBXBuildFile; fileRef = EF7255BE1F18D4690054DCE0 /* EncodingKit.framework */; };
		EF7255C11F18D46E0054DCE0 /* ValueKit.framework in Frameworks */ = {isa = PBXBuildFile; fileRef = EF7255C01F18D46E0054DCE0 /* ValueKit.framework */; };
		EF7255C31F18D47F0054DCE0 /* StringKit.framework in Frameworks */ = {isa = PBXBuildFile; fileRef = EF7255C21F18D47F0054DCE0 /* StringKit.framework */; };
		EFF398B31F65560A00B1BD33 /* Encoding_S3BucketKit_iOS.h in Headers */ = {isa = PBXBuildFile; fileRef = EFF398B11F65560A00B1BD33 /* Encoding_S3BucketKit_iOS.h */; settings = {ATTRIBUTES = (Public, ); }; };
		EFF398B71F65561300B1BD33 /* KeyPhraseToKeyWithS3JSON.cpp in Sources */ = {isa = PBXBuildFile; fileRef = EFAD59F71D86B8060056E526 /* KeyPhraseToKeyWithS3JSON.cpp */; };
		EFF398B81F65561300B1BD33 /* ValidateKeyPhraseWithS3JSON.cpp in Sources */ = {isa = PBXBuildFile; fileRef = EFAD59FB1D86B8060056E526 /* ValidateKeyPhraseWithS3JSON.cpp */; };
		EFF398BA1F65562B00B1BD33 /* JSONKit_iOS.framework in Frameworks */ = {isa = PBXBuildFile; fileRef = EFF398B91F65562B00B1BD33 /* JSONKit_iOS.framework */; };
		EFF398BB1F65562F00B1BD33 /* EncodingKit_iOS.framework in Frameworks */ = {isa = PBXBuildFile; fileRef = EFF398971F65559900B1BD33 /* EncodingKit_iOS.framework */; };
		EFF398BC1F65563500B1BD33 /* FoundationKit_iOS.framework in Frameworks */ = {isa = PBXBuildFile; fileRef = EFF398991F65559E00B1BD33 /* FoundationKit_iOS.framework */; };
		EFF398BD1F65563900B1BD33 /* StringKit_iOS.framework in Frameworks */ = {isa = PBXBuildFile; fileRef = EFF3989B1F6555A300B1BD33 /* StringKit_iOS.framework */; };
/* End PBXBuildFile section */

/* Begin PBXFileReference section */
		EF7255AF1F18D4080054DCE0 /* EncodingS3BucketKit.framework */ = {isa = PBXFileReference; explicitFileType = wrapper.framework; includeInIndex = 0; path = EncodingS3BucketKit.framework; sourceTree = BUILT_PRODUCTS_DIR; };
		EF7255B11F18D4080054DCE0 /* EncodingS3BucketKit.h */ = {isa = PBXFileReference; lastKnownFileType = sourcecode.c.h; path = EncodingS3BucketKit.h; sourceTree = "<group>"; };
		EF7255B21F18D4080054DCE0 /* Info.plist */ = {isa = PBXFileReference; lastKnownFileType = text.plist.xml; path = Info.plist; sourceTree = "<group>"; };
		EF7255BA1F18D4540054DCE0 /* FoundationKit.framework */ = {isa = PBXFileReference; lastKnownFileType = wrapper.framework; name = FoundationKit.framework; path = "../../../../Library/Developer/Xcode/DerivedData/Vault_Browser-etrnbxqipwhocnapsvsbsqbjzmyg/Build/Products/Debug/FoundationKit.framework"; sourceTree = "<group>"; };
		EF7255BC1F18D4630054DCE0 /* JSONKit.framework */ = {isa = PBXFileReference; lastKnownFileType = wrapper.framework; name = JSONKit.framework; path = "../../../../Library/Developer/Xcode/DerivedData/Vault_Browser-etrnbxqipwhocnapsvsbsqbjzmyg/Build/Products/Debug/JSONKit.framework"; sourceTree = "<group>"; };
		EF7255BE1F18D4690054DCE0 /* EncodingKit.framework */ = {isa = PBXFileReference; lastKnownFileType = wrapper.framework; name = EncodingKit.framework; path = "../../../../Library/Developer/Xcode/DerivedData/Vault_Browser-etrnbxqipwhocnapsvsbsqbjzmyg/Build/Products/Debug/EncodingKit.framework"; sourceTree = "<group>"; };
		EF7255C01F18D46E0054DCE0 /* ValueKit.framework */ = {isa = PBXFileReference; lastKnownFileType = wrapper.framework; name = ValueKit.framework; path = "../../../../Library/Developer/Xcode/DerivedData/Vault_Browser-etrnbxqipwhocnapsvsbsqbjzmyg/Build/Products/Debug/ValueKit.framework"; sourceTree = "<group>"; };
		EF7255C21F18D47F0054DCE0 /* StringKit.framework */ = {isa = PBXFileReference; lastKnownFileType = wrapper.framework; name = StringKit.framework; path = "../../../../Library/Developer/Xcode/DerivedData/Vault_Browser-etrnbxqipwhocnapsvsbsqbjzmyg/Build/Products/Debug/StringKit.framework"; sourceTree = "<group>"; };
		EFAD59F71D86B8060056E526 /* KeyPhraseToKeyWithS3JSON.cpp */ = {isa = PBXFileReference; fileEncoding = 4; lastKnownFileType = sourcecode.cpp.cpp; path = KeyPhraseToKeyWithS3JSON.cpp; sourceTree = "<group>"; };
		EFAD59F81D86B8060056E526 /* KeyPhraseToKeyWithS3JSON.h */ = {isa = PBXFileReference; fileEncoding = 4; lastKnownFileType = sourcecode.c.h; path = KeyPhraseToKeyWithS3JSON.h; sourceTree = "<group>"; };
		EFAD59F91D86B8060056E526 /* LibEncoding_S3Bucket.h */ = {isa = PBXFileReference; fileEncoding = 4; lastKnownFileType = sourcecode.c.h; path = LibEncoding_S3Bucket.h; sourceTree = "<group>"; };
		EFAD59FA1D86B8060056E526 /* LibEncoding_S3Bucket.m */ = {isa = PBXFileReference; fileEncoding = 4; lastKnownFileType = sourcecode.c.objc; path = LibEncoding_S3Bucket.m; sourceTree = "<group>"; };
		EFAD59FB1D86B8060056E526 /* ValidateKeyPhraseWithS3JSON.cpp */ = {isa = PBXFileReference; fileEncoding = 4; lastKnownFileType = sourcecode.cpp.cpp; path = ValidateKeyPhraseWithS3JSON.cpp; sourceTree = "<group>"; };
		EFAD59FC1D86B8060056E526 /* ValidateKeyPhraseWithS3JSON.h */ = {isa = PBXFileReference; fileEncoding = 4; lastKnownFileType = sourcecode.c.h; path = ValidateKeyPhraseWithS3JSON.h; sourceTree = "<group>"; };
		EFF3988F1F65555D00B1BD33 /* JSONKit_iOS.framework */ = {isa = PBXFileReference; lastKnownFileType = wrapper.framework; name = JSONKit_iOS.framework; path = "../JSON/build/Debug-iphoneos/JSONKit_iOS.framework"; sourceTree = "<group>"; };
		EFF398971F65559900B1BD33 /* EncodingKit_iOS.framework */ = {isa = PBXFileReference; lastKnownFileType = wrapper.framework; name = EncodingKit_iOS.framework; path = "../../../../../Library/Developer/Xcode/DerivedData/Library_iPad-cykhkprszqxavbeqjragltzevmga/Build/Products/Debug-iphonesimulator/EncodingKit_iOS.framework"; sourceTree = "<group>"; };
		EFF398991F65559E00B1BD33 /* FoundationKit_iOS.framework */ = {isa = PBXFileReference; lastKnownFileType = wrapper.framework; name = FoundationKit_iOS.framework; path = "../../../../../Library/Developer/Xcode/DerivedData/Library_iPad-cykhkprszqxavbeqjragltzevmga/Build/Products/Debug-iphonesimulator/FoundationKit_iOS.framework"; sourceTree = "<group>"; };
		EFF3989B1F6555A300B1BD33 /* StringKit_iOS.framework */ = {isa = PBXFileReference; lastKnownFileType = wrapper.framework; name = StringKit_iOS.framework; path = "../../../../../Library/Developer/Xcode/DerivedData/Library_iPad-cykhkprszqxavbeqjragltzevmga/Build/Products/Debug-iphonesimulator/StringKit_iOS.framework"; sourceTree = "<group>"; };
		EFF398AF1F65560A00B1BD33 /* Encoding_S3BucketKit_iOS.framework */ = {isa = PBXFileReference; explicitFileType = wrapper.framework; includeInIndex = 0; path = Encoding_S3BucketKit_iOS.framework; sourceTree = BUILT_PRODUCTS_DIR; };
		EFF398B11F65560A00B1BD33 /* Encoding_S3BucketKit_iOS.h */ = {isa = PBXFileReference; lastKnownFileType = sourcecode.c.h; path = Encoding_S3BucketKit_iOS.h; sourceTree = "<group>"; };
		EFF398B21F65560A00B1BD33 /* Info.plist */ = {isa = PBXFileReference; lastKnownFileType = text.plist.xml; path = Info.plist; sourceTree = "<group>"; };
		EFF398B91F65562B00B1BD33 /* JSONKit_iOS.framework */ = {isa = PBXFileReference; lastKnownFileType = wrapper.framework; name = JSONKit_iOS.framework; path = "../JSON/build/Debug-iphoneos/JSONKit_iOS.framework"; sourceTree = "<group>"; };
/* End PBXFileReference section */

/* Begin PBXFrameworksBuildPhase section */
		EF7255AB1F18D4080054DCE0 /* Frameworks */ = {
			isa = PBXFrameworksBuildPhase;
			buildActionMask = 2147483647;
			files = (
				EF7255C31F18D47F0054DCE0 /* StringKit.framework in Frameworks */,
				EF7255C11F18D46E0054DCE0 /* ValueKit.framework in Frameworks */,
				EF7255BF1F18D4690054DCE0 /* EncodingKit.framework in Frameworks */,
				EF7255BD1F18D4630054DCE0 /* JSONKit.framework in Frameworks */,
				EF7255BB1F18D4540054DCE0 /* FoundationKit.framework in Frameworks */,
			);
			runOnlyForDeploymentPostprocessing = 0;
		};
		EFF398AB1F65560A00B1BD33 /* Frameworks */ = {
			isa = PBXFrameworksBuildPhase;
			buildActionMask = 2147483647;
			files = (
				EFF398BD1F65563900B1BD33 /* StringKit_iOS.framework in Frameworks */,
				EFF398BC1F65563500B1BD33 /* FoundationKit_iOS.framework in Frameworks */,
				EFF398BB1F65562F00B1BD33 /* EncodingKit_iOS.framework in Frameworks */,
				EFF398BA1F65562B00B1BD33 /* JSONKit_iOS.framework in Frameworks */,
			);
			runOnlyForDeploymentPostprocessing = 0;
		};
/* End PBXFrameworksBuildPhase section */

/* Begin PBXGroup section */
		EF7255B01F18D4080054DCE0 /* EncodingS3BucketKit */ = {
			isa = PBXGroup;
			children = (
				EF7255B11F18D4080054DCE0 /* EncodingS3BucketKit.h */,
				EF7255B21F18D4080054DCE0 /* Info.plist */,
			);
			path = EncodingS3BucketKit;
			sourceTree = "<group>";
		};
		EF7255B91F18D4540054DCE0 /* Frameworks */ = {
			isa = PBXGroup;
			children = (
				EFF398B91F65562B00B1BD33 /* JSONKit_iOS.framework */,
				EFF3989B1F6555A300B1BD33 /* StringKit_iOS.framework */,
				EFF398991F65559E00B1BD33 /* FoundationKit_iOS.framework */,
				EFF398971F65559900B1BD33 /* EncodingKit_iOS.framework */,
				EFF3988F1F65555D00B1BD33 /* JSONKit_iOS.framework */,
				EF7255C21F18D47F0054DCE0 /* StringKit.framework */,
				EF7255C01F18D46E0054DCE0 /* ValueKit.framework */,
				EF7255BE1F18D4690054DCE0 /* EncodingKit.framework */,
				EF7255BC1F18D4630054DCE0 /* JSONKit.framework */,
				EF7255BA1F18D4540054DCE0 /* FoundationKit.framework */,
			);
			name = Frameworks;
			sourceTree = "<group>";
		};
		EFAD59E21D86B7CB0056E526 = {
			isa = PBXGroup;
			children = (
				EFAD59F71D86B8060056E526 /* KeyPhraseToKeyWithS3JSON.cpp */,
				EFAD59F81D86B8060056E526 /* KeyPhraseToKeyWithS3JSON.h */,
				EFAD59F91D86B8060056E526 /* LibEncoding_S3Bucket.h */,
				EFAD59FA1D86B8060056E526 /* LibEncoding_S3Bucket.m */,
				EFAD59FB1D86B8060056E526 /* ValidateKeyPhraseWithS3JSON.cpp */,
				EFAD59FC1D86B8060056E526 /* ValidateKeyPhraseWithS3JSON.h */,
				EF7255B01F18D4080054DCE0 /* EncodingS3BucketKit */,
				EFF398B01F65560A00B1BD33 /* Encoding_S3BucketKit_iOS */,
				EFAD59EC1D86B7CB0056E526 /* Products */,
				EF7255B91F18D4540054DCE0 /* Frameworks */,
			);
			sourceTree = "<group>";
		};
		EFAD59EC1D86B7CB0056E526 /* Products */ = {
			isa = PBXGroup;
			children = (
				EF7255AF1F18D4080054DCE0 /* EncodingS3BucketKit.framework */,
				EFF398AF1F65560A00B1BD33 /* Encoding_S3BucketKit_iOS.framework */,
			);
			name = Products;
			sourceTree = "<group>";
		};
		EFF398B01F65560A00B1BD33 /* Encoding_S3BucketKit_iOS */ = {
			isa = PBXGroup;
			children = (
				EFF398B11F65560A00B1BD33 /* Encoding_S3BucketKit_iOS.h */,
				EFF398B21F65560A00B1BD33 /* Info.plist */,
			);
			path = Encoding_S3BucketKit_iOS;
			sourceTree = "<group>";
		};
/* End PBXGroup section */

/* Begin PBXHeadersBuildPhase section */
		EF7255AC1F18D4080054DCE0 /* Headers */ = {
			isa = PBXHeadersBuildPhase;
			buildActionMask = 2147483647;
			files = (
				EF7255B31F18D4080054DCE0 /* EncodingS3BucketKit.h in Headers */,
			);
			runOnlyForDeploymentPostprocessing = 0;
		};
		EFF398AC1F65560A00B1BD33 /* Headers */ = {
			isa = PBXHeadersBuildPhase;
			buildActionMask = 2147483647;
			files = (
				EFF398B31F65560A00B1BD33 /* Encoding_S3BucketKit_iOS.h in Headers */,
			);
			runOnlyForDeploymentPostprocessing = 0;
		};
/* End PBXHeadersBuildPhase section */

/* Begin PBXNativeTarget section */
		EF7255AE1F18D4080054DCE0 /* EncodingS3BucketKit */ = {
			isa = PBXNativeTarget;
			buildConfigurationList = EF7255B61F18D4080054DCE0 /* Build configuration list for PBXNativeTarget "EncodingS3BucketKit" */;
			buildPhases = (
				EF7255AA1F18D4080054DCE0 /* Sources */,
				EF7255AB1F18D4080054DCE0 /* Frameworks */,
				EF7255AC1F18D4080054DCE0 /* Headers */,
				EF7255AD1F18D4080054DCE0 /* Resources */,
			);
			buildRules = (
			);
			dependencies = (
			);
			name = EncodingS3BucketKit;
			productName = EncodingS3BucketKit;
			productReference = EF7255AF1F18D4080054DCE0 /* EncodingS3BucketKit.framework */;
			productType = "com.apple.product-type.framework";
		};
		EFF398AE1F65560A00B1BD33 /* Encoding_S3BucketKit_iOS */ = {
			isa = PBXNativeTarget;
			buildConfigurationList = EFF398B41F65560A00B1BD33 /* Build configuration list for PBXNativeTarget "Encoding_S3BucketKit_iOS" */;
			buildPhases = (
				EFF398AA1F65560A00B1BD33 /* Sources */,
				EFF398AB1F65560A00B1BD33 /* Frameworks */,
				EFF398AC1F65560A00B1BD33 /* Headers */,
				EFF398AD1F65560A00B1BD33 /* Resources */,
			);
			buildRules = (
			);
			dependencies = (
			);
			name = Encoding_S3BucketKit_iOS;
			productName = Encoding_S3BucketKit_iOS;
			productReference = EFF398AF1F65560A00B1BD33 /* Encoding_S3BucketKit_iOS.framework */;
			productType = "com.apple.product-type.framework";
		};
/* End PBXNativeTarget section */

/* Begin PBXProject section */
		EFAD59E31D86B7CB0056E526 /* Project object */ = {
			isa = PBXProject;
			attributes = {
				LastUpgradeCheck = 0900;
				ORGANIZATIONNAME = peymojo;
				TargetAttributes = {
					EF7255AE1F18D4080054DCE0 = {
						CreatedOnToolsVersion = 8.3.3;
						ProvisioningStyle = Automatic;
					};
					EFF398AE1F65560A00B1BD33 = {
						CreatedOnToolsVersion = 8.3.3;
						DevelopmentTeam = HQWNX3S2CF;
						ProvisioningStyle = Automatic;
					};
				};
			};
			buildConfigurationList = EFAD59E61D86B7CB0056E526 /* Build configuration list for PBXProject "Encoding+S3Bucket" */;
			compatibilityVersion = "Xcode 3.2";
			developmentRegion = English;
			hasScannedForEncodings = 0;
			knownRegions = (
				en,
			);
			mainGroup = EFAD59E21D86B7CB0056E526;
			productRefGroup = EFAD59EC1D86B7CB0056E526 /* Products */;
			projectDirPath = "";
			projectRoot = "";
			targets = (
				EF7255AE1F18D4080054DCE0 /* EncodingS3BucketKit */,
				EFF398AE1F65560A00B1BD33 /* Encoding_S3BucketKit_iOS */,
			);
		};
/* End PBXProject section */

/* Begin PBXResourcesBuildPhase section */
		EF7255AD1F18D4080054DCE0 /* Resources */ = {
			isa = PBXResourcesBuildPhase;
			buildActionMask = 2147483647;
			files = (
			);
			runOnlyForDeploymentPostprocessing = 0;
		};
		EFF398AD1F65560A00B1BD33 /* Resources */ = {
			isa = PBXResourcesBuildPhase;
			buildActionMask = 2147483647;
			files = (
			);
			runOnlyForDeploymentPostprocessing = 0;
		};
/* End PBXResourcesBuildPhase section */

/* Begin PBXSourcesBuildPhase section */
		EF7255AA1F18D4080054DCE0 /* Sources */ = {
			isa = PBXSourcesBuildPhase;
			buildActionMask = 2147483647;
			files = (
				EF7255B71F18D41A0054DCE0 /* KeyPhraseToKeyWithS3JSON.cpp in Sources */,
				EF7255B81F18D41A0054DCE0 /* ValidateKeyPhraseWithS3JSON.cpp in Sources */,
			);
			runOnlyForDeploymentPostprocessing = 0;
		};
		EFF398AA1F65560A00B1BD33 /* Sources */ = {
			isa = PBXSourcesBuildPhase;
			buildActionMask = 2147483647;
			files = (
				EFF398B71F65561300B1BD33 /* KeyPhraseToKeyWithS3JSON.cpp in Sources */,
				EFF398B81F65561300B1BD33 /* ValidateKeyPhraseWithS3JSON.cpp in Sources */,
			);
			runOnlyForDeploymentPostprocessing = 0;
		};
/* End PBXSourcesBuildPhase section */

/* Begin XCBuildConfiguration section */
		EF7255B41F18D4080054DCE0 /* Debug */ = {
			isa = XCBuildConfiguration;
			buildSettings = {
				CLANG_ANALYZER_NUMBER_OBJECT_CONVERSION = YES_AGGRESSIVE;
				CLANG_WARN_DOCUMENTATION_COMMENTS = YES;
				CODE_SIGN_IDENTITY = "";
				COMBINE_HIDPI_IMAGES = YES;
				CURRENT_PROJECT_VERSION = 1;
				DEFINES_MODULE = YES;
				DYLIB_COMPATIBILITY_VERSION = 1;
				DYLIB_CURRENT_VERSION = 1;
				DYLIB_INSTALL_NAME_BASE = "@rpath";
				FRAMEWORK_VERSION = A;
				HEADER_SEARCH_PATHS = ../../;
				INFOPLIST_FILE = EncodingS3BucketKit/Info.plist;
				INSTALL_PATH = "$(LOCAL_LIBRARY_DIR)/Frameworks";
				LD_RUNPATH_SEARCH_PATHS = "$(inherited) @executable_path/../Frameworks @loader_path/Frameworks";
				MACOSX_DEPLOYMENT_TARGET = 10.12;
				PRODUCT_BUNDLE_IDENTIFIER = com.filehaven.EncodingS3BucketKit;
				PRODUCT_NAME = "$(TARGET_NAME)";
				SKIP_INSTALL = YES;
				VERSIONING_SYSTEM = "apple-generic";
				VERSION_INFO_PREFIX = "";
			};
			name = Debug;
		};
		EF7255B51F18D4080054DCE0 /* Release */ = {
			isa = XCBuildConfiguration;
			buildSettings = {
				CLANG_ANALYZER_NUMBER_OBJECT_CONVERSION = YES_AGGRESSIVE;
				CLANG_WARN_DOCUMENTATION_COMMENTS = YES;
				CODE_SIGN_IDENTITY = "";
				COMBINE_HIDPI_IMAGES = YES;
				CURRENT_PROJECT_VERSION = 1;
				DEFINES_MODULE = YES;
				DYLIB_COMPATIBILITY_VERSION = 1;
				DYLIB_CURRENT_VERSION = 1;
				DYLIB_INSTALL_NAME_BASE = "@rpath";
				FRAMEWORK_VERSION = A;
				HEADER_SEARCH_PATHS = ../../;
				INFOPLIST_FILE = EncodingS3BucketKit/Info.plist;
				INSTALL_PATH = "$(LOCAL_LIBRARY_DIR)/Frameworks";
				LD_RUNPATH_SEARCH_PATHS = "$(inherited) @executable_path/../Frameworks @loader_path/Frameworks";
				MACOSX_DEPLOYMENT_TARGET = 10.12;
				PRODUCT_BUNDLE_IDENTIFIER = com.filehaven.EncodingS3BucketKit;
				PRODUCT_NAME = "$(TARGET_NAME)";
				SKIP_INSTALL = YES;
				VERSIONING_SYSTEM = "apple-generic";
				VERSION_INFO_PREFIX = "";
			};
			name = Release;
		};
		EFAD59F21D86B7CB0056E526 /* Debug */ = {
			isa = XCBuildConfiguration;
			buildSettings = {
				ALWAYS_SEARCH_USER_PATHS = NO;
				CLANG_ANALYZER_NONNULL = YES;
				CLANG_CXX_LANGUAGE_STANDARD = "gnu++0x";
				CLANG_CXX_LIBRARY = "libc++";
				CLANG_ENABLE_MODULES = YES;
				CLANG_ENABLE_OBJC_ARC = YES;
				CLANG_WARN_BLOCK_CAPTURE_AUTORELEASING = YES;
				CLANG_WARN_BOOL_CONVERSION = YES;
				CLANG_WARN_COMMA = YES;
				CLANG_WARN_CONSTANT_CONVERSION = YES;
				CLANG_WARN_DIRECT_OBJC_ISA_USAGE = YES_ERROR;
				CLANG_WARN_EMPTY_BODY = YES;
				CLANG_WARN_ENUM_CONVERSION = YES;
				CLANG_WARN_INFINITE_RECURSION = YES;
				CLANG_WARN_INT_CONVERSION = YES;
				CLANG_WARN_NON_LITERAL_NULL_CONVERSION = YES;
				CLANG_WARN_OBJC_LITERAL_CONVERSION = YES;
				CLANG_WARN_OBJC_ROOT_CLASS = YES_ERROR;
				CLANG_WARN_RANGE_LOOP_ANALYSIS = YES;
				CLANG_WARN_STRICT_PROTOTYPES = YES;
				CLANG_WARN_SUSPICIOUS_MOVE = YES;
				CLANG_WARN_UNREACHABLE_CODE = YES;
				CLANG_WARN__DUPLICATE_METHOD_MATCH = YES;
				CODE_SIGN_IDENTITY = "-";
				COPY_PHASE_STRIP = NO;
				DEBUG_INFORMATION_FORMAT = dwarf;
				ENABLE_STRICT_OBJC_MSGSEND = YES;
				ENABLE_TESTABILITY = YES;
				GCC_C_LANGUAGE_STANDARD = gnu99;
				GCC_DYNAMIC_NO_PIC = NO;
				GCC_NO_COMMON_BLOCKS = YES;
				GCC_OPTIMIZATION_LEVEL = 0;
				GCC_PREPROCESSOR_DEFINITIONS = (
					"DEBUG=1",
					"$(inherited)",
				);
				GCC_WARN_64_TO_32_BIT_CONVERSION = YES;
				GCC_WARN_ABOUT_RETURN_TYPE = YES_ERROR;
				GCC_WARN_UNDECLARED_SELECTOR = YES;
				GCC_WARN_UNINITIALIZED_AUTOS = YES_AGGRESSIVE;
				GCC_WARN_UNUSED_FUNCTION = YES;
				GCC_WARN_UNUSED_VARIABLE = YES;
				MACOSX_DEPLOYMENT_TARGET = 10.11;
				MTL_ENABLE_DEBUG_INFO = YES;
				ONLY_ACTIVE_ARCH = YES;
				SDKROOT = macosx;
			};
			name = Debug;
		};
		EFAD59F31D86B7CB0056E526 /* Release */ = {
			isa = XCBuildConfiguration;
			buildSettings = {
				ALWAYS_SEARCH_USER_PATHS = NO;
				CLANG_ANALYZER_NONNULL = YES;
				CLANG_CXX_LANGUAGE_STANDARD = "gnu++0x";
				CLANG_CXX_LIBRARY = "libc++";
				CLANG_ENABLE_MODULES = YES;
				CLANG_ENABLE_OBJC_ARC = YES;
				CLANG_WARN_BLOCK_CAPTURE_AUTORELEASING = YES;
				CLANG_WARN_BOOL_CONVERSION = YES;
				CLANG_WARN_COMMA = YES;
				CLANG_WARN_CONSTANT_CONVERSION = YES;
				CLANG_WARN_DIRECT_OBJC_ISA_USAGE = YES_ERROR;
				CLANG_WARN_EMPTY_BODY = YES;
				CLANG_WARN_ENUM_CONVERSION = YES;
				CLANG_WARN_INFINITE_RECURSION = YES;
				CLANG_WARN_INT_CONVERSION = YES;
				CLANG_WARN_NON_LITERAL_NULL_CONVERSION = YES;
				CLANG_WARN_OBJC_LITERAL_CONVERSION = YES;
				CLANG_WARN_OBJC_ROOT_CLASS = YES_ERROR;
				CLANG_WARN_RANGE_LOOP_ANALYSIS = YES;
				CLANG_WARN_STRICT_PROTOTYPES = YES;
				CLANG_WARN_SUSPICIOUS_MOVE = YES;
				CLANG_WARN_UNREACHABLE_CODE = YES;
				CLANG_WARN__DUPLICATE_METHOD_MATCH = YES;
				CODE_SIGN_IDENTITY = "-";
				COPY_PHASE_STRIP = NO;
				DEBUG_INFORMATION_FORMAT = "dwarf-with-dsym";
				ENABLE_NS_ASSERTIONS = NO;
				ENABLE_STRICT_OBJC_MSGSEND = YES;
				GCC_C_LANGUAGE_STANDARD = gnu99;
				GCC_NO_COMMON_BLOCKS = YES;
				GCC_WARN_64_TO_32_BIT_CONVERSION = YES;
				GCC_WARN_ABOUT_RETURN_TYPE = YES_ERROR;
				GCC_WARN_UNDECLARED_SELECTOR = YES;
				GCC_WARN_UNINITIALIZED_AUTOS = YES_AGGRESSIVE;
				GCC_WARN_UNUSED_FUNCTION = YES;
				GCC_WARN_UNUSED_VARIABLE = YES;
				MACOSX_DEPLOYMENT_TARGET = 10.11;
				MTL_ENABLE_DEBUG_INFO = NO;
				SDKROOT = macosx;
			};
			name = Release;
		};
		EFF398B51F65560A00B1BD33 /* Debug */ = {
			isa = XCBuildConfiguration;
			buildSettings = {
				CLANG_ANALYZER_NUMBER_OBJECT_CONVERSION = YES_AGGRESSIVE;
				CLANG_WARN_DOCUMENTATION_COMMENTS = YES;
				CODE_SIGN_IDENTITY = "";
				"CODE_SIGN_IDENTITY[sdk=iphoneos*]" = "";
				CURRENT_PROJECT_VERSION = 1;
				DEFINES_MODULE = YES;
				DEVELOPMENT_TEAM = HQWNX3S2CF;
				DYLIB_COMPATIBILITY_VERSION = 1;
				DYLIB_CURRENT_VERSION = 1;
				DYLIB_INSTALL_NAME_BASE = "@rpath";
				HEADER_SEARCH_PATHS = ../../;
				INFOPLIST_FILE = Encoding_S3BucketKit_iOS/Info.plist;
				INSTALL_PATH = "$(LOCAL_LIBRARY_DIR)/Frameworks";
				IPHONEOS_DEPLOYMENT_TARGET = 10.3;
				LD_RUNPATH_SEARCH_PATHS = "$(inherited) @executable_path/Frameworks @loader_path/Frameworks";
				PRODUCT_BUNDLE_IDENTIFIER = "com.filehaven.Encoding-S3BucketKit-iOS";
				PRODUCT_NAME = "$(TARGET_NAME)";
				SDKROOT = iphoneos;
				SKIP_INSTALL = YES;
				TARGETED_DEVICE_FAMILY = "1,2";
				VERSIONING_SYSTEM = "apple-generic";
				VERSION_INFO_PREFIX = "";
			};
			name = Debug;
		};
		EFF398B61F65560A00B1BD33 /* Release */ = {
			isa = XCBuildConfiguration;
			buildSettings = {
				CLANG_ANALYZER_NUMBER_OBJECT_CONVERSION = YES_AGGRESSIVE;
				CLANG_WARN_DOCUMENTATION_COMMENTS = YES;
				CODE_SIGN_IDENTITY = "";
				"CODE_SIGN_IDENTITY[sdk=iphoneos*]" = "";
				CURRENT_PROJECT_VERSION = 1;
				DEFINES_MODULE = YES;
				DEVELOPMENT_TEAM = HQWNX3S2CF;
				DYLIB_COMPATIBILITY_VERSION = 1;
				DYLIB_CURRENT_VERSION = 1;
				DYLIB_INSTALL_NAME_BASE = "@rpath";
				HEADER_SEARCH_PATHS = ../../;
				INFOPLIST_FILE = Encoding_S3BucketKit_iOS/Info.plist;
				INSTALL_PATH = "$(LOCAL_LIBRARY_DIR)/Frameworks";
				IPHONEOS_DEPLOYMENT_TARGET = 10.3;
				LD_RUNPATH_SEARCH_PATHS = "$(inherited) @executable_path/Frameworks @loader_path/Frameworks";
				PRODUCT_BUNDLE_IDENTIFIER = "com.filehaven.Encoding-S3BucketKit-iOS";
				PRODUCT_NAME = "$(TARGET_NAME)";
				SDKROOT = iphoneos;
				SKIP_INSTALL = YES;
				TARGETED_DEVICE_FAMILY = "1,2";
				VALIDATE_PRODUCT = YES;
				VERSIONING_SYSTEM = "apple-generic";
				VERSION_INFO_PREFIX = "";
			};
			name = Release;
		};
/* End XCBuildConfiguration section */

/* Begin XCConfigurationList section */
		EF7255B61F18D4080054DCE0 /* Build configuration list for PBXNativeTarget "EncodingS3BucketKit" */ = {
			isa = XCConfigurationList;
			buildConfigurations = (
				EF7255B41F18D4080054DCE0 /* Debug */,
				EF7255B51F18D4080054DCE0 /* Release */,
			);
			defaultConfigurationIsVisible = 0;
			defaultConfigurationName = Release;
		};
		EFAD59E61D86B7CB0056E526 /* Build configuration list for PBXProject "Encoding+S3Bucket" */ = {
			isa = XCConfigurationList;
			buildConfigurations = (
				EFAD59F21D86B7CB0056E526 /* Debug */,
				EFAD59F31D86B7CB0056E526 /* Release */,
			);
			defaultConfigurationIsVisible = 0;
			defaultConfigurationName = Release;
		};
		EFF398B41F65560A00B1BD33 /* Build configuration list for PBXNativeTarget "Encoding_S3BucketKit_iOS" */ = {
			isa = XCConfigurationList;
			buildConfigurations = (
				EFF398B51F65560A00B1BD33 /* Debug */,
				EFF398B61F65560A00B1BD33 /* Release */,
			);
			defaultConfigurationIsVisible = 0;
			defaultConfigurationName = Release;
		};
/* End XCConfigurationList section */
	};
	rootObject = EFAD59E31D86B7CB0056E526 /* Project object */;
}
