// !$*UTF8*$!
{
	archiveVersion = 1;
	classes = {
	};
	objectVersion = 46;
	objects = {

/* Begin PBXBuildFile section */
		EF16AAFB202C2E5300AF9DAE /* DataStorePageStore.h in Headers */ = {isa = PBXBuildFile; fileRef = EF16AAFA202C2E5300AF9DAE /* DataStorePageStore.h */; };
		EF16AAFD202C2E5300AF9DAE /* DataStorePageStore.m in Sources */ = {isa = PBXBuildFile; fileRef = EF16AAFC202C2E5300AF9DAE /* DataStorePageStore.m */; };
		EF16AB01202C2E5D00AF9DAE /* CommitDataStorePageStoreChanges.cpp in Sources */ = {isa = PBXBuildFile; fileRef = EFAD5E281D8787140056E526 /* CommitDataStorePageStoreChanges.cpp */; };
		EF16AB02202C2E5D00AF9DAE /* DataStorePageStore.cpp in Sources */ = {isa = PBXBuildFile; fileRef = EFAD5E2A1D8787140056E526 /* DataStorePageStore.cpp */; };
		EF16AB03202C2E5D00AF9DAE /* EnumerateDataStorePageStorePages.cpp in Sources */ = {isa = PBXBuildFile; fileRef = EFAD5E2C1D8787140056E526 /* EnumerateDataStorePageStorePages.cpp */; };
		EF16AB04202C2E5D00AF9DAE /* LockDataStorePageStore.cpp in Sources */ = {isa = PBXBuildFile; fileRef = EFAD5E301D8787140056E526 /* LockDataStorePageStore.cpp */; };
		EF16AB05202C2E5D00AF9DAE /* ReadDataStorePageStorePage.cpp in Sources */ = {isa = PBXBuildFile; fileRef = EFAD5E321D8787140056E526 /* ReadDataStorePageStorePage.cpp */; };
		EF16AB06202C2E5D00AF9DAE /* UnlockDataStorePageStore.cpp in Sources */ = {isa = PBXBuildFile; fileRef = EFAD5E341D8787140056E526 /* UnlockDataStorePageStore.cpp */; };
		EF16AB07202C2E5D00AF9DAE /* ValidateDataStorePageStore.cpp in Sources */ = {isa = PBXBuildFile; fileRef = EFAD5E361D8787140056E526 /* ValidateDataStorePageStore.cpp */; };
		EF16AB08202C2E5D00AF9DAE /* WithDataStorePageStore.cpp in Sources */ = {isa = PBXBuildFile; fileRef = EFAD5E381D8787140056E526 /* WithDataStorePageStore.cpp */; };
		EF16AB09202C2E5D00AF9DAE /* WriteDataStorePageStorePage.cpp in Sources */ = {isa = PBXBuildFile; fileRef = EFAD5E3A1D8787140056E526 /* WriteDataStorePageStorePage.cpp */; };
		EF6511A11F657E17002D8065 /* DataStorePageStoreKit_iOS.h in Headers */ = {isa = PBXBuildFile; fileRef = EF65119F1F657E17002D8065 /* DataStorePageStoreKit_iOS.h */; settings = {ATTRIBUTES = (Public, ); }; };
		EF6511A51F657E1F002D8065 /* CommitDataStorePageStoreChanges.cpp in Sources */ = {isa = PBXBuildFile; fileRef = EFAD5E281D8787140056E526 /* CommitDataStorePageStoreChanges.cpp */; };
		EF6511A61F657E1F002D8065 /* DataStorePageStore.cpp in Sources */ = {isa = PBXBuildFile; fileRef = EFAD5E2A1D8787140056E526 /* DataStorePageStore.cpp */; };
		EF6511A71F657E1F002D8065 /* EnumerateDataStorePageStorePages.cpp in Sources */ = {isa = PBXBuildFile; fileRef = EFAD5E2C1D8787140056E526 /* EnumerateDataStorePageStorePages.cpp */; };
		EF6511A81F657E1F002D8065 /* LockDataStorePageStore.cpp in Sources */ = {isa = PBXBuildFile; fileRef = EFAD5E301D8787140056E526 /* LockDataStorePageStore.cpp */; };
		EF6511A91F657E1F002D8065 /* ReadDataStorePageStorePage.cpp in Sources */ = {isa = PBXBuildFile; fileRef = EFAD5E321D8787140056E526 /* ReadDataStorePageStorePage.cpp */; };
		EF6511AA1F657E1F002D8065 /* UnlockDataStorePageStore.cpp in Sources */ = {isa = PBXBuildFile; fileRef = EFAD5E341D8787140056E526 /* UnlockDataStorePageStore.cpp */; };
		EF6511AB1F657E1F002D8065 /* ValidateDataStorePageStore.cpp in Sources */ = {isa = PBXBuildFile; fileRef = EFAD5E361D8787140056E526 /* ValidateDataStorePageStore.cpp */; };
		EF6511AC1F657E1F002D8065 /* WithDataStorePageStore.cpp in Sources */ = {isa = PBXBuildFile; fileRef = EFAD5E381D8787140056E526 /* WithDataStorePageStore.cpp */; };
		EF6511AD1F657E1F002D8065 /* WriteDataStorePageStorePage.cpp in Sources */ = {isa = PBXBuildFile; fileRef = EFAD5E3A1D8787140056E526 /* WriteDataStorePageStorePage.cpp */; };
		EF6511BF1F657E8F002D8065 /* PageStoreKit_iOS.framework in Frameworks */ = {isa = PBXBuildFile; fileRef = EF6511BE1F657E8F002D8065 /* PageStoreKit_iOS.framework */; };
		EF6511C11F657E95002D8065 /* FoundationKit_iOS.framework in Frameworks */ = {isa = PBXBuildFile; fileRef = EF6511C01F657E95002D8065 /* FoundationKit_iOS.framework */; };
		EF6511C31F657E9A002D8065 /* ValueKit_iOS.framework in Frameworks */ = {isa = PBXBuildFile; fileRef = EF6511C21F657E9A002D8065 /* ValueKit_iOS.framework */; };
		EF6511C51F657EA0002D8065 /* JSONKit_iOS.framework in Frameworks */ = {isa = PBXBuildFile; fileRef = EF6511C41F657EA0002D8065 /* JSONKit_iOS.framework */; };
		EF6511C71F657EA6002D8065 /* EncodingKit_iOS.framework in Frameworks */ = {isa = PBXBuildFile; fileRef = EF6511C61F657EA6002D8065 /* EncodingKit_iOS.framework */; };
		EF7255401F18D0390054DCE0 /* DataStorePageStoreKit.h in Headers */ = {isa = PBXBuildFile; fileRef = EF72553E1F18D0390054DCE0 /* DataStorePageStoreKit.h */; settings = {ATTRIBUTES = (Public, ); }; };
		EF7255441F18D0530054DCE0 /* CommitDataStorePageStoreChanges.cpp in Sources */ = {isa = PBXBuildFile; fileRef = EFAD5E281D8787140056E526 /* CommitDataStorePageStoreChanges.cpp */; };
		EF7255451F18D0530054DCE0 /* DataStorePageStore.cpp in Sources */ = {isa = PBXBuildFile; fileRef = EFAD5E2A1D8787140056E526 /* DataStorePageStore.cpp */; };
		EF7255461F18D0530054DCE0 /* EnumerateDataStorePageStorePages.cpp in Sources */ = {isa = PBXBuildFile; fileRef = EFAD5E2C1D8787140056E526 /* EnumerateDataStorePageStorePages.cpp */; };
		EF7255471F18D0530054DCE0 /* LockDataStorePageStore.cpp in Sources */ = {isa = PBXBuildFile; fileRef = EFAD5E301D8787140056E526 /* LockDataStorePageStore.cpp */; };
		EF7255481F18D0530054DCE0 /* ReadDataStorePageStorePage.cpp in Sources */ = {isa = PBXBuildFile; fileRef = EFAD5E321D8787140056E526 /* ReadDataStorePageStorePage.cpp */; };
		EF7255491F18D0530054DCE0 /* UnlockDataStorePageStore.cpp in Sources */ = {isa = PBXBuildFile; fileRef = EFAD5E341D8787140056E526 /* UnlockDataStorePageStore.cpp */; };
		EF72554A1F18D0530054DCE0 /* ValidateDataStorePageStore.cpp in Sources */ = {isa = PBXBuildFile; fileRef = EFAD5E361D8787140056E526 /* ValidateDataStorePageStore.cpp */; };
		EF72554B1F18D0530054DCE0 /* WithDataStorePageStore.cpp in Sources */ = {isa = PBXBuildFile; fileRef = EFAD5E381D8787140056E526 /* WithDataStorePageStore.cpp */; };
		EF72554C1F18D0530054DCE0 /* WriteDataStorePageStorePage.cpp in Sources */ = {isa = PBXBuildFile; fileRef = EFAD5E3A1D8787140056E526 /* WriteDataStorePageStorePage.cpp */; };
		EF72554F1F18D08C0054DCE0 /* FoundationKit.framework in Frameworks */ = {isa = PBXBuildFile; fileRef = EF72554E1F18D08C0054DCE0 /* FoundationKit.framework */; };
		EF7255511F18D0990054DCE0 /* JSONKit.framework in Frameworks */ = {isa = PBXBuildFile; fileRef = EF7255501F18D0990054DCE0 /* JSONKit.framework */; };
		EF7255531F18D09F0054DCE0 /* ValueKit.framework in Frameworks */ = {isa = PBXBuildFile; fileRef = EF7255521F18D09F0054DCE0 /* ValueKit.framework */; };
		EF7255551F18D0AE0054DCE0 /* EncodingKit.framework in Frameworks */ = {isa = PBXBuildFile; fileRef = EF7255541F18D0AE0054DCE0 /* EncodingKit.framework */; };
		EF7255681F18D1520054DCE0 /* PageStoreKit.framework in Frameworks */ = {isa = PBXBuildFile; fileRef = EF7255671F18D1520054DCE0 /* PageStoreKit.framework */; };
/* End PBXBuildFile section */

/* Begin PBXFileReference section */
		EF16AAF8202C2E5300AF9DAE /* libDataStorePageStore.a */ = {isa = PBXFileReference; explicitFileType = archive.ar; includeInIndex = 0; path = libDataStorePageStore.a; sourceTree = BUILT_PRODUCTS_DIR; };
		EF16AAFA202C2E5300AF9DAE /* DataStorePageStore.h */ = {isa = PBXFileReference; lastKnownFileType = sourcecode.c.h; path = DataStorePageStore.h; sourceTree = "<group>"; };
		EF16AAFC202C2E5300AF9DAE /* DataStorePageStore.m */ = {isa = PBXFileReference; lastKnownFileType = sourcecode.c.objc; path = DataStorePageStore.m; sourceTree = "<group>"; };
		EF65119D1F657E17002D8065 /* DataStorePageStoreKit_iOS.framework */ = {isa = PBXFileReference; explicitFileType = wrapper.framework; includeInIndex = 0; path = DataStorePageStoreKit_iOS.framework; sourceTree = BUILT_PRODUCTS_DIR; };
		EF65119F1F657E17002D8065 /* DataStorePageStoreKit_iOS.h */ = {isa = PBXFileReference; lastKnownFileType = sourcecode.c.h; path = DataStorePageStoreKit_iOS.h; sourceTree = "<group>"; };
		EF6511A01F657E17002D8065 /* Info.plist */ = {isa = PBXFileReference; lastKnownFileType = text.plist.xml; path = Info.plist; sourceTree = "<group>"; };
		EF6511BE1F657E8F002D8065 /* PageStoreKit_iOS.framework */ = {isa = PBXFileReference; lastKnownFileType = wrapper.framework; name = PageStoreKit_iOS.framework; path = "../PageStore/build/Debug-iphoneos/PageStoreKit_iOS.framework"; sourceTree = "<group>"; };
		EF6511C01F657E95002D8065 /* FoundationKit_iOS.framework */ = {isa = PBXFileReference; lastKnownFileType = wrapper.framework; name = FoundationKit_iOS.framework; path = "../../../../../Library/Developer/Xcode/DerivedData/Library_iPad-cykhkprszqxavbeqjragltzevmga/Build/Products/Debug-iphonesimulator/FoundationKit_iOS.framework"; sourceTree = "<group>"; };
		EF6511C21F657E9A002D8065 /* ValueKit_iOS.framework */ = {isa = PBXFileReference; lastKnownFileType = wrapper.framework; name = ValueKit_iOS.framework; path = "../../../../../Library/Developer/Xcode/DerivedData/Library_iPad-cykhkprszqxavbeqjragltzevmga/Build/Products/Debug-iphonesimulator/ValueKit_iOS.framework"; sourceTree = "<group>"; };
		EF6511C41F657EA0002D8065 /* JSONKit_iOS.framework */ = {isa = PBXFileReference; lastKnownFileType = wrapper.framework; name = JSONKit_iOS.framework; path = "../../../../../Library/Developer/Xcode/DerivedData/Library_iPad-cykhkprszqxavbeqjragltzevmga/Build/Products/Debug-iphonesimulator/JSONKit_iOS.framework"; sourceTree = "<group>"; };
		EF6511C61F657EA6002D8065 /* EncodingKit_iOS.framework */ = {isa = PBXFileReference; lastKnownFileType = wrapper.framework; name = EncodingKit_iOS.framework; path = "../../../../../Library/Developer/Xcode/DerivedData/Library_iPad-cykhkprszqxavbeqjragltzevmga/Build/Products/Debug-iphonesimulator/EncodingKit_iOS.framework"; sourceTree = "<group>"; };
		EF72553C1F18D0390054DCE0 /* DataStorePageStoreKit.framework */ = {isa = PBXFileReference; explicitFileType = wrapper.framework; includeInIndex = 0; path = DataStorePageStoreKit.framework; sourceTree = BUILT_PRODUCTS_DIR; };
		EF72553E1F18D0390054DCE0 /* DataStorePageStoreKit.h */ = {isa = PBXFileReference; lastKnownFileType = sourcecode.c.h; path = DataStorePageStoreKit.h; sourceTree = "<group>"; };
		EF72553F1F18D0390054DCE0 /* Info.plist */ = {isa = PBXFileReference; lastKnownFileType = text.plist.xml; path = Info.plist; sourceTree = "<group>"; };
		EF72554E1F18D08C0054DCE0 /* FoundationKit.framework */ = {isa = PBXFileReference; lastKnownFileType = wrapper.framework; name = FoundationKit.framework; path = "../../../../Library/Developer/Xcode/DerivedData/Vault_Browser-etrnbxqipwhocnapsvsbsqbjzmyg/Build/Products/Debug/FoundationKit.framework"; sourceTree = "<group>"; };
		EF7255501F18D0990054DCE0 /* JSONKit.framework */ = {isa = PBXFileReference; lastKnownFileType = wrapper.framework; name = JSONKit.framework; path = "../../../../Library/Developer/Xcode/DerivedData/Vault_Browser-etrnbxqipwhocnapsvsbsqbjzmyg/Build/Products/Debug/JSONKit.framework"; sourceTree = "<group>"; };
		EF7255521F18D09F0054DCE0 /* ValueKit.framework */ = {isa = PBXFileReference; lastKnownFileType = wrapper.framework; name = ValueKit.framework; path = "../../../../Library/Developer/Xcode/DerivedData/Vault_Browser-etrnbxqipwhocnapsvsbsqbjzmyg/Build/Products/Debug/ValueKit.framework"; sourceTree = "<group>"; };
		EF7255541F18D0AE0054DCE0 /* EncodingKit.framework */ = {isa = PBXFileReference; lastKnownFileType = wrapper.framework; name = EncodingKit.framework; path = "../../../../Library/Developer/Xcode/DerivedData/Vault_Browser-etrnbxqipwhocnapsvsbsqbjzmyg/Build/Products/Debug/EncodingKit.framework"; sourceTree = "<group>"; };
		EF7255671F18D1520054DCE0 /* PageStoreKit.framework */ = {isa = PBXFileReference; lastKnownFileType = wrapper.framework; name = PageStoreKit.framework; path = "../../../../Library/Developer/Xcode/DerivedData/Vault_Browser-etrnbxqipwhocnapsvsbsqbjzmyg/Build/Products/Debug/PageStoreKit.framework"; sourceTree = "<group>"; };
		EFAD5E281D8787140056E526 /* CommitDataStorePageStoreChanges.cpp */ = {isa = PBXFileReference; fileEncoding = 4; lastKnownFileType = sourcecode.cpp.cpp; path = CommitDataStorePageStoreChanges.cpp; sourceTree = "<group>"; };
		EFAD5E291D8787140056E526 /* CommitDataStorePageStoreChanges.h */ = {isa = PBXFileReference; fileEncoding = 4; lastKnownFileType = sourcecode.c.h; path = CommitDataStorePageStoreChanges.h; sourceTree = "<group>"; };
		EFAD5E2A1D8787140056E526 /* DataStorePageStore.cpp */ = {isa = PBXFileReference; fileEncoding = 4; lastKnownFileType = sourcecode.cpp.cpp; path = DataStorePageStore.cpp; sourceTree = "<group>"; };
		EFAD5E2B1D8787140056E526 /* DataStorePageStore.h */ = {isa = PBXFileReference; fileEncoding = 4; lastKnownFileType = sourcecode.c.h; path = DataStorePageStore.h; sourceTree = "<group>"; };
		EFAD5E2C1D8787140056E526 /* EnumerateDataStorePageStorePages.cpp */ = {isa = PBXFileReference; fileEncoding = 4; lastKnownFileType = sourcecode.cpp.cpp; path = EnumerateDataStorePageStorePages.cpp; sourceTree = "<group>"; };
		EFAD5E2D1D8787140056E526 /* EnumerateDataStorePageStorePages.h */ = {isa = PBXFileReference; fileEncoding = 4; lastKnownFileType = sourcecode.c.h; path = EnumerateDataStorePageStorePages.h; sourceTree = "<group>"; };
		EFAD5E2E1D8787140056E526 /* LibDataStorePageStore.h */ = {isa = PBXFileReference; fileEncoding = 4; lastKnownFileType = sourcecode.c.h; path = LibDataStorePageStore.h; sourceTree = "<group>"; };
		EFAD5E2F1D8787140056E526 /* LibDataStorePageStore.m */ = {isa = PBXFileReference; fileEncoding = 4; lastKnownFileType = sourcecode.c.objc; path = LibDataStorePageStore.m; sourceTree = "<group>"; };
		EFAD5E301D8787140056E526 /* LockDataStorePageStore.cpp */ = {isa = PBXFileReference; fileEncoding = 4; lastKnownFileType = sourcecode.cpp.cpp; path = LockDataStorePageStore.cpp; sourceTree = "<group>"; };
		EFAD5E311D8787140056E526 /* LockDataStorePageStore.h */ = {isa = PBXFileReference; fileEncoding = 4; lastKnownFileType = sourcecode.c.h; path = LockDataStorePageStore.h; sourceTree = "<group>"; };
		EFAD5E321D8787140056E526 /* ReadDataStorePageStorePage.cpp */ = {isa = PBXFileReference; fileEncoding = 4; lastKnownFileType = sourcecode.cpp.cpp; path = ReadDataStorePageStorePage.cpp; sourceTree = "<group>"; };
		EFAD5E331D8787140056E526 /* ReadDataStorePageStorePage.h */ = {isa = PBXFileReference; fileEncoding = 4; lastKnownFileType = sourcecode.c.h; path = ReadDataStorePageStorePage.h; sourceTree = "<group>"; };
		EFAD5E341D8787140056E526 /* UnlockDataStorePageStore.cpp */ = {isa = PBXFileReference; fileEncoding = 4; lastKnownFileType = sourcecode.cpp.cpp; path = UnlockDataStorePageStore.cpp; sourceTree = "<group>"; };
		EFAD5E351D8787140056E526 /* UnlockDataStorePageStore.h */ = {isa = PBXFileReference; fileEncoding = 4; lastKnownFileType = sourcecode.c.h; path = UnlockDataStorePageStore.h; sourceTree = "<group>"; };
		EFAD5E361D8787140056E526 /* ValidateDataStorePageStore.cpp */ = {isa = PBXFileReference; fileEncoding = 4; lastKnownFileType = sourcecode.cpp.cpp; path = ValidateDataStorePageStore.cpp; sourceTree = "<group>"; };
		EFAD5E371D8787140056E526 /* ValidateDataStorePageStore.h */ = {isa = PBXFileReference; fileEncoding = 4; lastKnownFileType = sourcecode.c.h; path = ValidateDataStorePageStore.h; sourceTree = "<group>"; };
		EFAD5E381D8787140056E526 /* WithDataStorePageStore.cpp */ = {isa = PBXFileReference; fileEncoding = 4; lastKnownFileType = sourcecode.cpp.cpp; path = WithDataStorePageStore.cpp; sourceTree = "<group>"; };
		EFAD5E391D8787140056E526 /* WithDataStorePageStore.h */ = {isa = PBXFileReference; fileEncoding = 4; lastKnownFileType = sourcecode.c.h; path = WithDataStorePageStore.h; sourceTree = "<group>"; };
		EFAD5E3A1D8787140056E526 /* WriteDataStorePageStorePage.cpp */ = {isa = PBXFileReference; fileEncoding = 4; lastKnownFileType = sourcecode.cpp.cpp; path = WriteDataStorePageStorePage.cpp; sourceTree = "<group>"; };
		EFAD5E3B1D8787140056E526 /* WriteDataStorePageStorePage.h */ = {isa = PBXFileReference; fileEncoding = 4; lastKnownFileType = sourcecode.c.h; path = WriteDataStorePageStorePage.h; sourceTree = "<group>"; };
/* End PBXFileReference section */

/* Begin PBXFrameworksBuildPhase section */
		EF16AAF5202C2E5300AF9DAE /* Frameworks */ = {
			isa = PBXFrameworksBuildPhase;
			buildActionMask = 2147483647;
			files = (
			);
			runOnlyForDeploymentPostprocessing = 0;
		};
		EF6511991F657E17002D8065 /* Frameworks */ = {
			isa = PBXFrameworksBuildPhase;
			buildActionMask = 2147483647;
			files = (
				EF6511C71F657EA6002D8065 /* EncodingKit_iOS.framework in Frameworks */,
				EF6511C51F657EA0002D8065 /* JSONKit_iOS.framework in Frameworks */,
				EF6511C31F657E9A002D8065 /* ValueKit_iOS.framework in Frameworks */,
				EF6511C11F657E95002D8065 /* FoundationKit_iOS.framework in Frameworks */,
				EF6511BF1F657E8F002D8065 /* PageStoreKit_iOS.framework in Frameworks */,
			);
			runOnlyForDeploymentPostprocessing = 0;
		};
		EF7255381F18D0390054DCE0 /* Frameworks */ = {
			isa = PBXFrameworksBuildPhase;
			buildActionMask = 2147483647;
			files = (
				EF7255681F18D1520054DCE0 /* PageStoreKit.framework in Frameworks */,
				EF7255551F18D0AE0054DCE0 /* EncodingKit.framework in Frameworks */,
				EF7255531F18D09F0054DCE0 /* ValueKit.framework in Frameworks */,
				EF7255511F18D0990054DCE0 /* JSONKit.framework in Frameworks */,
				EF72554F1F18D08C0054DCE0 /* FoundationKit.framework in Frameworks */,
			);
			runOnlyForDeploymentPostprocessing = 0;
		};
/* End PBXFrameworksBuildPhase section */

/* Begin PBXGroup section */
		EF16AAF9202C2E5300AF9DAE /* DataStorePageStore */ = {
			isa = PBXGroup;
			children = (
				EF16AAFA202C2E5300AF9DAE /* DataStorePageStore.h */,
				EF16AAFC202C2E5300AF9DAE /* DataStorePageStore.m */,
			);
			path = DataStorePageStore;
			sourceTree = "<group>";
		};
		EF65119E1F657E17002D8065 /* DataStorePageStoreKit_iOS */ = {
			isa = PBXGroup;
			children = (
				EF65119F1F657E17002D8065 /* DataStorePageStoreKit_iOS.h */,
				EF6511A01F657E17002D8065 /* Info.plist */,
			);
			path = DataStorePageStoreKit_iOS;
			sourceTree = "<group>";
		};
		EF72553D1F18D0390054DCE0 /* DataStorePageStoreKit */ = {
			isa = PBXGroup;
			children = (
				EF72553E1F18D0390054DCE0 /* DataStorePageStoreKit.h */,
				EF72553F1F18D0390054DCE0 /* Info.plist */,
			);
			path = DataStorePageStoreKit;
			sourceTree = "<group>";
		};
		EF72554D1F18D08C0054DCE0 /* Frameworks */ = {
			isa = PBXGroup;
			children = (
				EF6511C61F657EA6002D8065 /* EncodingKit_iOS.framework */,
				EF6511C41F657EA0002D8065 /* JSONKit_iOS.framework */,
				EF6511C21F657E9A002D8065 /* ValueKit_iOS.framework */,
				EF6511C01F657E95002D8065 /* FoundationKit_iOS.framework */,
				EF6511BE1F657E8F002D8065 /* PageStoreKit_iOS.framework */,
				EF7255671F18D1520054DCE0 /* PageStoreKit.framework */,
				EF7255541F18D0AE0054DCE0 /* EncodingKit.framework */,
				EF7255521F18D09F0054DCE0 /* ValueKit.framework */,
				EF7255501F18D0990054DCE0 /* JSONKit.framework */,
				EF72554E1F18D08C0054DCE0 /* FoundationKit.framework */,
			);
			name = Frameworks;
			sourceTree = "<group>";
		};
		EFAD5E131D8786E60056E526 = {
			isa = PBXGroup;
			children = (
				EFAD5E281D8787140056E526 /* CommitDataStorePageStoreChanges.cpp */,
				EFAD5E291D8787140056E526 /* CommitDataStorePageStoreChanges.h */,
				EFAD5E2A1D8787140056E526 /* DataStorePageStore.cpp */,
				EFAD5E2B1D8787140056E526 /* DataStorePageStore.h */,
				EFAD5E2C1D8787140056E526 /* EnumerateDataStorePageStorePages.cpp */,
				EFAD5E2D1D8787140056E526 /* EnumerateDataStorePageStorePages.h */,
				EFAD5E2E1D8787140056E526 /* LibDataStorePageStore.h */,
				EFAD5E2F1D8787140056E526 /* LibDataStorePageStore.m */,
				EFAD5E301D8787140056E526 /* LockDataStorePageStore.cpp */,
				EFAD5E311D8787140056E526 /* LockDataStorePageStore.h */,
				EFAD5E321D8787140056E526 /* ReadDataStorePageStorePage.cpp */,
				EFAD5E331D8787140056E526 /* ReadDataStorePageStorePage.h */,
				EFAD5E341D8787140056E526 /* UnlockDataStorePageStore.cpp */,
				EFAD5E351D8787140056E526 /* UnlockDataStorePageStore.h */,
				EFAD5E361D8787140056E526 /* ValidateDataStorePageStore.cpp */,
				EFAD5E371D8787140056E526 /* ValidateDataStorePageStore.h */,
				EFAD5E381D8787140056E526 /* WithDataStorePageStore.cpp */,
				EFAD5E391D8787140056E526 /* WithDataStorePageStore.h */,
				EFAD5E3A1D8787140056E526 /* WriteDataStorePageStorePage.cpp */,
				EFAD5E3B1D8787140056E526 /* WriteDataStorePageStorePage.h */,
				EF72553D1F18D0390054DCE0 /* DataStorePageStoreKit */,
				EF65119E1F657E17002D8065 /* DataStorePageStoreKit_iOS */,
				EF16AAF9202C2E5300AF9DAE /* DataStorePageStore */,
				EFAD5E1D1D8786E60056E526 /* Products */,
				EF72554D1F18D08C0054DCE0 /* Frameworks */,
			);
			sourceTree = "<group>";
		};
		EFAD5E1D1D8786E60056E526 /* Products */ = {
			isa = PBXGroup;
			children = (
				EF72553C1F18D0390054DCE0 /* DataStorePageStoreKit.framework */,
				EF65119D1F657E17002D8065 /* DataStorePageStoreKit_iOS.framework */,
				EF16AAF8202C2E5300AF9DAE /* libDataStorePageStore.a */,
			);
			name = Products;
			sourceTree = "<group>";
		};
/* End PBXGroup section */

/* Begin PBXHeadersBuildPhase section */
		EF16AAF6202C2E5300AF9DAE /* Headers */ = {
			isa = PBXHeadersBuildPhase;
			buildActionMask = 2147483647;
			files = (
				EF16AAFB202C2E5300AF9DAE /* DataStorePageStore.h in Headers */,
			);
			runOnlyForDeploymentPostprocessing = 0;
		};
		EF65119A1F657E17002D8065 /* Headers */ = {
			isa = PBXHeadersBuildPhase;
			buildActionMask = 2147483647;
			files = (
				EF6511A11F657E17002D8065 /* DataStorePageStoreKit_iOS.h in Headers */,
			);
			runOnlyForDeploymentPostprocessing = 0;
		};
		EF7255391F18D0390054DCE0 /* Headers */ = {
			isa = PBXHeadersBuildPhase;
			buildActionMask = 2147483647;
			files = (
				EF7255401F18D0390054DCE0 /* DataStorePageStoreKit.h in Headers */,
			);
			runOnlyForDeploymentPostprocessing = 0;
		};
/* End PBXHeadersBuildPhase section */

/* Begin PBXNativeTarget section */
		EF16AAF7202C2E5300AF9DAE /* DataStorePageStore */ = {
			isa = PBXNativeTarget;
			buildConfigurationList = EF16AB00202C2E5300AF9DAE /* Build configuration list for PBXNativeTarget "DataStorePageStore" */;
			buildPhases = (
				EF16AAF4202C2E5300AF9DAE /* Sources */,
				EF16AAF5202C2E5300AF9DAE /* Frameworks */,
				EF16AAF6202C2E5300AF9DAE /* Headers */,
			);
			buildRules = (
			);
			dependencies = (
			);
			name = DataStorePageStore;
			productName = DataStorePageStore;
			productReference = EF16AAF8202C2E5300AF9DAE /* libDataStorePageStore.a */;
			productType = "com.apple.product-type.library.static";
		};
		EF65119C1F657E17002D8065 /* DataStorePageStoreKit_iOS */ = {
			isa = PBXNativeTarget;
			buildConfigurationList = EF6511A41F657E17002D8065 /* Build configuration list for PBXNativeTarget "DataStorePageStoreKit_iOS" */;
			buildPhases = (
				EF6511981F657E17002D8065 /* Sources */,
				EF6511991F657E17002D8065 /* Frameworks */,
				EF65119A1F657E17002D8065 /* Headers */,
				EF65119B1F657E17002D8065 /* Resources */,
			);
			buildRules = (
			);
			dependencies = (
			);
			name = DataStorePageStoreKit_iOS;
			productName = DataStorePageStoreKit_iOS;
			productReference = EF65119D1F657E17002D8065 /* DataStorePageStoreKit_iOS.framework */;
			productType = "com.apple.product-type.framework";
		};
		EF72553B1F18D0390054DCE0 /* DataStorePageStoreKit */ = {
			isa = PBXNativeTarget;
			buildConfigurationList = EF7255431F18D0390054DCE0 /* Build configuration list for PBXNativeTarget "DataStorePageStoreKit" */;
			buildPhases = (
				EF7255371F18D0390054DCE0 /* Sources */,
				EF7255381F18D0390054DCE0 /* Frameworks */,
				EF7255391F18D0390054DCE0 /* Headers */,
				EF72553A1F18D0390054DCE0 /* Resources */,
			);
			buildRules = (
			);
			dependencies = (
			);
			name = DataStorePageStoreKit;
			productName = DataStorePageStoreKit;
			productReference = EF72553C1F18D0390054DCE0 /* DataStorePageStoreKit.framework */;
			productType = "com.apple.product-type.framework";
		};
/* End PBXNativeTarget section */

/* Begin PBXProject section */
		EFAD5E141D8786E60056E526 /* Project object */ = {
			isa = PBXProject;
			attributes = {
				LastUpgradeCheck = 0900;
				ORGANIZATIONNAME = peymojo;
				TargetAttributes = {
					EF16AAF7202C2E5300AF9DAE = {
						CreatedOnToolsVersion = 9.2;
						ProvisioningStyle = Automatic;
					};
					EF65119C1F657E17002D8065 = {
						CreatedOnToolsVersion = 8.3.3;
						DevelopmentTeam = HQWNX3S2CF;
						ProvisioningStyle = Automatic;
					};
					EF72553B1F18D0390054DCE0 = {
						CreatedOnToolsVersion = 8.3.3;
						ProvisioningStyle = Automatic;
					};
				};
			};
			buildConfigurationList = EFAD5E171D8786E60056E526 /* Build configuration list for PBXProject "DataStorePageStore" */;
			compatibilityVersion = "Xcode 3.2";
			developmentRegion = English;
			hasScannedForEncodings = 0;
			knownRegions = (
				en,
			);
			mainGroup = EFAD5E131D8786E60056E526;
			productRefGroup = EFAD5E1D1D8786E60056E526 /* Products */;
			projectDirPath = "";
			projectRoot = "";
			targets = (
				EF72553B1F18D0390054DCE0 /* DataStorePageStoreKit */,
				EF65119C1F657E17002D8065 /* DataStorePageStoreKit_iOS */,
				EF16AAF7202C2E5300AF9DAE /* DataStorePageStore */,
			);
		};
/* End PBXProject section */

/* Begin PBXResourcesBuildPhase section */
		EF65119B1F657E17002D8065 /* Resources */ = {
			isa = PBXResourcesBuildPhase;
			buildActionMask = 2147483647;
			files = (
			);
			runOnlyForDeploymentPostprocessing = 0;
		};
		EF72553A1F18D0390054DCE0 /* Resources */ = {
			isa = PBXResourcesBuildPhase;
			buildActionMask = 2147483647;
			files = (
			);
			runOnlyForDeploymentPostprocessing = 0;
		};
/* End PBXResourcesBuildPhase section */

/* Begin PBXSourcesBuildPhase section */
		EF16AAF4202C2E5300AF9DAE /* Sources */ = {
			isa = PBXSourcesBuildPhase;
			buildActionMask = 2147483647;
			files = (
				EF16AB01202C2E5D00AF9DAE /* CommitDataStorePageStoreChanges.cpp in Sources */,
				EF16AB02202C2E5D00AF9DAE /* DataStorePageStore.cpp in Sources */,
				EF16AB03202C2E5D00AF9DAE /* EnumerateDataStorePageStorePages.cpp in Sources */,
				EF16AB04202C2E5D00AF9DAE /* LockDataStorePageStore.cpp in Sources */,
				EF16AB05202C2E5D00AF9DAE /* ReadDataStorePageStorePage.cpp in Sources */,
				EF16AB06202C2E5D00AF9DAE /* UnlockDataStorePageStore.cpp in Sources */,
				EF16AB07202C2E5D00AF9DAE /* ValidateDataStorePageStore.cpp in Sources */,
				EF16AB08202C2E5D00AF9DAE /* WithDataStorePageStore.cpp in Sources */,
				EF16AB09202C2E5D00AF9DAE /* WriteDataStorePageStorePage.cpp in Sources */,
				EF16AAFD202C2E5300AF9DAE /* DataStorePageStore.m in Sources */,
			);
			runOnlyForDeploymentPostprocessing = 0;
		};
		EF6511981F657E17002D8065 /* Sources */ = {
			isa = PBXSourcesBuildPhase;
			buildActionMask = 2147483647;
			files = (
				EF6511A51F657E1F002D8065 /* CommitDataStorePageStoreChanges.cpp in Sources */,
				EF6511A61F657E1F002D8065 /* DataStorePageStore.cpp in Sources */,
				EF6511A71F657E1F002D8065 /* EnumerateDataStorePageStorePages.cpp in Sources */,
				EF6511A81F657E1F002D8065 /* LockDataStorePageStore.cpp in Sources */,
				EF6511A91F657E1F002D8065 /* ReadDataStorePageStorePage.cpp in Sources */,
				EF6511AA1F657E1F002D8065 /* UnlockDataStorePageStore.cpp in Sources */,
				EF6511AB1F657E1F002D8065 /* ValidateDataStorePageStore.cpp in Sources */,
				EF6511AC1F657E1F002D8065 /* WithDataStorePageStore.cpp in Sources */,
				EF6511AD1F657E1F002D8065 /* WriteDataStorePageStorePage.cpp in Sources */,
			);
			runOnlyForDeploymentPostprocessing = 0;
		};
		EF7255371F18D0390054DCE0 /* Sources */ = {
			isa = PBXSourcesBuildPhase;
			buildActionMask = 2147483647;
			files = (
				EF7255441F18D0530054DCE0 /* CommitDataStorePageStoreChanges.cpp in Sources */,
				EF7255451F18D0530054DCE0 /* DataStorePageStore.cpp in Sources */,
				EF7255461F18D0530054DCE0 /* EnumerateDataStorePageStorePages.cpp in Sources */,
				EF7255471F18D0530054DCE0 /* LockDataStorePageStore.cpp in Sources */,
				EF7255481F18D0530054DCE0 /* ReadDataStorePageStorePage.cpp in Sources */,
				EF7255491F18D0530054DCE0 /* UnlockDataStorePageStore.cpp in Sources */,
				EF72554A1F18D0530054DCE0 /* ValidateDataStorePageStore.cpp in Sources */,
				EF72554B1F18D0530054DCE0 /* WithDataStorePageStore.cpp in Sources */,
				EF72554C1F18D0530054DCE0 /* WriteDataStorePageStorePage.cpp in Sources */,
			);
			runOnlyForDeploymentPostprocessing = 0;
		};
/* End PBXSourcesBuildPhase section */

/* Begin XCBuildConfiguration section */
		EF16AAFE202C2E5300AF9DAE /* Debug */ = {
			isa = XCBuildConfiguration;
			buildSettings = {
				CLANG_ANALYZER_NUMBER_OBJECT_CONVERSION = YES_AGGRESSIVE;
				CLANG_CXX_LANGUAGE_STANDARD = "gnu++14";
				CLANG_WARN_DOCUMENTATION_COMMENTS = YES;
				CLANG_WARN_UNGUARDED_AVAILABILITY = YES_AGGRESSIVE;
				CODE_SIGN_STYLE = Automatic;
				EXECUTABLE_PREFIX = lib;
				GCC_C_LANGUAGE_STANDARD = gnu11;
				PRODUCT_NAME = "$(TARGET_NAME)";
			};
			name = Debug;
		};
		EF16AAFF202C2E5300AF9DAE /* Release */ = {
			isa = XCBuildConfiguration;
			buildSettings = {
				CLANG_ANALYZER_NUMBER_OBJECT_CONVERSION = YES_AGGRESSIVE;
				CLANG_CXX_LANGUAGE_STANDARD = "gnu++14";
				CLANG_WARN_DOCUMENTATION_COMMENTS = YES;
				CLANG_WARN_UNGUARDED_AVAILABILITY = YES_AGGRESSIVE;
				CODE_SIGN_STYLE = Automatic;
				EXECUTABLE_PREFIX = lib;
				GCC_C_LANGUAGE_STANDARD = gnu11;
				PRODUCT_NAME = "$(TARGET_NAME)";
			};
			name = Release;
		};
		EF6511A21F657E17002D8065 /* Debug */ = {
			isa = XCBuildConfiguration;
			buildSettings = {
				CLANG_ANALYZER_NUMBER_OBJECT_CONVERSION = YES_AGGRESSIVE;
				CLANG_WARN_DOCUMENTATION_COMMENTS = YES;
				CODE_SIGN_IDENTITY = "";
				"CODE_SIGN_IDENTITY[sdk=iphoneos*]" = "";
				CURRENT_PROJECT_VERSION = 1;
				DEFINES_MODULE = YES;
				DEVELOPMENT_TEAM = HQWNX3S2CF;
				DYLIB_COMPATIBILITY_VERSION = 1;
				DYLIB_CURRENT_VERSION = 1;
				DYLIB_INSTALL_NAME_BASE = "@rpath";
				INFOPLIST_FILE = DataStorePageStoreKit_iOS/Info.plist;
				INSTALL_PATH = "$(LOCAL_LIBRARY_DIR)/Frameworks";
				IPHONEOS_DEPLOYMENT_TARGET = 10.3;
				LD_RUNPATH_SEARCH_PATHS = "$(inherited) @executable_path/Frameworks @loader_path/Frameworks";
				PRODUCT_BUNDLE_IDENTIFIER = "com.filehaven.DataStorePageStoreKit-iOS";
				PRODUCT_NAME = "$(TARGET_NAME)";
				SDKROOT = iphoneos;
				SKIP_INSTALL = YES;
				TARGETED_DEVICE_FAMILY = "1,2";
				VERSIONING_SYSTEM = "apple-generic";
				VERSION_INFO_PREFIX = "";
			};
			name = Debug;
		};
		EF6511A31F657E17002D8065 /* Release */ = {
			isa = XCBuildConfiguration;
			buildSettings = {
				CLANG_ANALYZER_NUMBER_OBJECT_CONVERSION = YES_AGGRESSIVE;
				CLANG_WARN_DOCUMENTATION_COMMENTS = YES;
				CODE_SIGN_IDENTITY = "";
				"CODE_SIGN_IDENTITY[sdk=iphoneos*]" = "";
				CURRENT_PROJECT_VERSION = 1;
				DEFINES_MODULE = YES;
				DEVELOPMENT_TEAM = HQWNX3S2CF;
				DYLIB_COMPATIBILITY_VERSION = 1;
				DYLIB_CURRENT_VERSION = 1;
				DYLIB_INSTALL_NAME_BASE = "@rpath";
				INFOPLIST_FILE = DataStorePageStoreKit_iOS/Info.plist;
				INSTALL_PATH = "$(LOCAL_LIBRARY_DIR)/Frameworks";
				IPHONEOS_DEPLOYMENT_TARGET = 10.3;
				LD_RUNPATH_SEARCH_PATHS = "$(inherited) @executable_path/Frameworks @loader_path/Frameworks";
				PRODUCT_BUNDLE_IDENTIFIER = "com.filehaven.DataStorePageStoreKit-iOS";
				PRODUCT_NAME = "$(TARGET_NAME)";
				SDKROOT = iphoneos;
				SKIP_INSTALL = YES;
				TARGETED_DEVICE_FAMILY = "1,2";
				VALIDATE_PRODUCT = YES;
				VERSIONING_SYSTEM = "apple-generic";
				VERSION_INFO_PREFIX = "";
			};
			name = Release;
		};
		EF7255411F18D0390054DCE0 /* Debug */ = {
			isa = XCBuildConfiguration;
			buildSettings = {
				CLANG_ANALYZER_NUMBER_OBJECT_CONVERSION = YES_AGGRESSIVE;
				CLANG_WARN_DOCUMENTATION_COMMENTS = YES;
				CODE_SIGN_IDENTITY = "";
				COMBINE_HIDPI_IMAGES = YES;
				CURRENT_PROJECT_VERSION = 1;
				DEFINES_MODULE = YES;
				DYLIB_COMPATIBILITY_VERSION = 1;
				DYLIB_CURRENT_VERSION = 1;
				DYLIB_INSTALL_NAME_BASE = "@rpath";
				FRAMEWORK_VERSION = A;
				INFOPLIST_FILE = DataStorePageStoreKit/Info.plist;
				INSTALL_PATH = "$(LOCAL_LIBRARY_DIR)/Frameworks";
				LD_RUNPATH_SEARCH_PATHS = "$(inherited) @executable_path/../Frameworks @loader_path/Frameworks";
				PRODUCT_BUNDLE_IDENTIFIER = com.filehaven.DataStorePageStoreKit;
				PRODUCT_NAME = "$(TARGET_NAME)";
				SKIP_INSTALL = YES;
				VERSIONING_SYSTEM = "apple-generic";
				VERSION_INFO_PREFIX = "";
			};
			name = Debug;
		};
		EF7255421F18D0390054DCE0 /* Release */ = {
			isa = XCBuildConfiguration;
			buildSettings = {
				CLANG_ANALYZER_NUMBER_OBJECT_CONVERSION = YES_AGGRESSIVE;
				CLANG_WARN_DOCUMENTATION_COMMENTS = YES;
				CODE_SIGN_IDENTITY = "";
				COMBINE_HIDPI_IMAGES = YES;
				CURRENT_PROJECT_VERSION = 1;
				DEFINES_MODULE = YES;
				DYLIB_COMPATIBILITY_VERSION = 1;
				DYLIB_CURRENT_VERSION = 1;
				DYLIB_INSTALL_NAME_BASE = "@rpath";
				FRAMEWORK_VERSION = A;
				INFOPLIST_FILE = DataStorePageStoreKit/Info.plist;
				INSTALL_PATH = "$(LOCAL_LIBRARY_DIR)/Frameworks";
				LD_RUNPATH_SEARCH_PATHS = "$(inherited) @executable_path/../Frameworks @loader_path/Frameworks";
				PRODUCT_BUNDLE_IDENTIFIER = com.filehaven.DataStorePageStoreKit;
				PRODUCT_NAME = "$(TARGET_NAME)";
				SKIP_INSTALL = YES;
				VERSIONING_SYSTEM = "apple-generic";
				VERSION_INFO_PREFIX = "";
			};
			name = Release;
		};
		EFAD5E231D8786E60056E526 /* Debug */ = {
			isa = XCBuildConfiguration;
			buildSettings = {
				ALWAYS_SEARCH_USER_PATHS = NO;
				CLANG_ANALYZER_NONNULL = YES;
				CLANG_CXX_LANGUAGE_STANDARD = "gnu++0x";
				CLANG_CXX_LIBRARY = "libc++";
				CLANG_ENABLE_MODULES = YES;
				CLANG_ENABLE_OBJC_ARC = YES;
				CLANG_WARN_BLOCK_CAPTURE_AUTORELEASING = YES;
				CLANG_WARN_BOOL_CONVERSION = YES;
				CLANG_WARN_COMMA = YES;
				CLANG_WARN_CONSTANT_CONVERSION = YES;
				CLANG_WARN_DIRECT_OBJC_ISA_USAGE = YES_ERROR;
				CLANG_WARN_EMPTY_BODY = YES;
				CLANG_WARN_ENUM_CONVERSION = YES;
				CLANG_WARN_INFINITE_RECURSION = YES;
				CLANG_WARN_INT_CONVERSION = YES;
				CLANG_WARN_NON_LITERAL_NULL_CONVERSION = YES;
				CLANG_WARN_OBJC_LITERAL_CONVERSION = YES;
				CLANG_WARN_OBJC_ROOT_CLASS = YES_ERROR;
				CLANG_WARN_RANGE_LOOP_ANALYSIS = YES;
				CLANG_WARN_STRICT_PROTOTYPES = YES;
				CLANG_WARN_SUSPICIOUS_MOVE = YES;
				CLANG_WARN_UNREACHABLE_CODE = YES;
				CLANG_WARN__DUPLICATE_METHOD_MATCH = YES;
				CODE_SIGN_IDENTITY = "-";
				COPY_PHASE_STRIP = NO;
				DEBUG_INFORMATION_FORMAT = dwarf;
				ENABLE_STRICT_OBJC_MSGSEND = YES;
				ENABLE_TESTABILITY = YES;
				GCC_C_LANGUAGE_STANDARD = gnu99;
				GCC_DYNAMIC_NO_PIC = NO;
				GCC_NO_COMMON_BLOCKS = YES;
				GCC_OPTIMIZATION_LEVEL = 0;
				GCC_PREPROCESSOR_DEFINITIONS = (
					"DEBUG=1",
					"$(inherited)",
				);
				GCC_WARN_64_TO_32_BIT_CONVERSION = YES;
				GCC_WARN_ABOUT_RETURN_TYPE = YES_ERROR;
				GCC_WARN_UNDECLARED_SELECTOR = YES;
				GCC_WARN_UNINITIALIZED_AUTOS = YES_AGGRESSIVE;
				GCC_WARN_UNUSED_FUNCTION = YES;
				GCC_WARN_UNUSED_VARIABLE = YES;
				HEADER_SEARCH_PATHS = ../../;
				MACOSX_DEPLOYMENT_TARGET = 10.12;
				MTL_ENABLE_DEBUG_INFO = YES;
				ONLY_ACTIVE_ARCH = YES;
				SDKROOT = macosx;
			};
			name = Debug;
		};
		EFAD5E241D8786E60056E526 /* Release */ = {
			isa = XCBuildConfiguration;
			buildSettings = {
				ALWAYS_SEARCH_USER_PATHS = NO;
				CLANG_ANALYZER_NONNULL = YES;
				CLANG_CXX_LANGUAGE_STANDARD = "gnu++0x";
				CLANG_CXX_LIBRARY = "libc++";
				CLANG_ENABLE_MODULES = YES;
				CLANG_ENABLE_OBJC_ARC = YES;
				CLANG_WARN_BLOCK_CAPTURE_AUTORELEASING = YES;
				CLANG_WARN_BOOL_CONVERSION = YES;
				CLANG_WARN_COMMA = YES;
				CLANG_WARN_CONSTANT_CONVERSION = YES;
				CLANG_WARN_DIRECT_OBJC_ISA_USAGE = YES_ERROR;
				CLANG_WARN_EMPTY_BODY = YES;
				CLANG_WARN_ENUM_CONVERSION = YES;
				CLANG_WARN_INFINITE_RECURSION = YES;
				CLANG_WARN_INT_CONVERSION = YES;
				CLANG_WARN_NON_LITERAL_NULL_CONVERSION = YES;
				CLANG_WARN_OBJC_LITERAL_CONVERSION = YES;
				CLANG_WARN_OBJC_ROOT_CLASS = YES_ERROR;
				CLANG_WARN_RANGE_LOOP_ANALYSIS = YES;
				CLANG_WARN_STRICT_PROTOTYPES = YES;
				CLANG_WARN_SUSPICIOUS_MOVE = YES;
				CLANG_WARN_UNREACHABLE_CODE = YES;
				CLANG_WARN__DUPLICATE_METHOD_MATCH = YES;
				CODE_SIGN_IDENTITY = "-";
				COPY_PHASE_STRIP = NO;
				DEBUG_INFORMATION_FORMAT = "dwarf-with-dsym";
				ENABLE_NS_ASSERTIONS = NO;
				ENABLE_STRICT_OBJC_MSGSEND = YES;
				GCC_C_LANGUAGE_STANDARD = gnu99;
				GCC_NO_COMMON_BLOCKS = YES;
				GCC_WARN_64_TO_32_BIT_CONVERSION = YES;
				GCC_WARN_ABOUT_RETURN_TYPE = YES_ERROR;
				GCC_WARN_UNDECLARED_SELECTOR = YES;
				GCC_WARN_UNINITIALIZED_AUTOS = YES_AGGRESSIVE;
				GCC_WARN_UNUSED_FUNCTION = YES;
				GCC_WARN_UNUSED_VARIABLE = YES;
				HEADER_SEARCH_PATHS = ../../;
				MACOSX_DEPLOYMENT_TARGET = 10.12;
				MTL_ENABLE_DEBUG_INFO = NO;
				SDKROOT = macosx;
			};
			name = Release;
		};
/* End XCBuildConfiguration section */

/* Begin XCConfigurationList section */
		EF16AB00202C2E5300AF9DAE /* Build configuration list for PBXNativeTarget "DataStorePageStore" */ = {
			isa = XCConfigurationList;
			buildConfigurations = (
				EF16AAFE202C2E5300AF9DAE /* Debug */,
				EF16AAFF202C2E5300AF9DAE /* Release */,
			);
			defaultConfigurationIsVisible = 0;
			defaultConfigurationName = Release;
		};
		EF6511A41F657E17002D8065 /* Build configuration list for PBXNativeTarget "DataStorePageStoreKit_iOS" */ = {
			isa = XCConfigurationList;
			buildConfigurations = (
				EF6511A21F657E17002D8065 /* Debug */,
				EF6511A31F657E17002D8065 /* Release */,
			);
			defaultConfigurationIsVisible = 0;
			defaultConfigurationName = Release;
		};
		EF7255431F18D0390054DCE0 /* Build configuration list for PBXNativeTarget "DataStorePageStoreKit" */ = {
			isa = XCConfigurationList;
			buildConfigurations = (
				EF7255411F18D0390054DCE0 /* Debug */,
				EF7255421F18D0390054DCE0 /* Release */,
			);
			defaultConfigurationIsVisible = 0;
			defaultConfigurationName = Release;
		};
		EFAD5E171D8786E60056E526 /* Build configuration list for PBXProject "DataStorePageStore" */ = {
			isa = XCConfigurationList;
			buildConfigurations = (
				EFAD5E231D8786E60056E526 /* Debug */,
				EFAD5E241D8786E60056E526 /* Release */,
			);
			defaultConfigurationIsVisible = 0;
			defaultConfigurationName = Release;
		};
/* End XCConfigurationList section */
	};
	rootObject = EFAD5E141D8786E60056E526 /* Project object */;
}
